// !$*UTF8*$!
{
	archiveVersion = 1;
	classes = {
	};
	objectVersion = 46;
	objects = {

/* Begin PBXBuildFile section */
		9AACA8DF1C05A91200EDA6B0 /* AppDelegate.swift in Sources */ = {isa = PBXBuildFile; fileRef = 9AACA8DE1C05A91200EDA6B0 /* AppDelegate.swift */; };
		9AACA8E11C05A91200EDA6B0 /* ViewController.swift in Sources */ = {isa = PBXBuildFile; fileRef = 9AACA8E01C05A91200EDA6B0 /* ViewController.swift */; };
		9AACA8E41C05A91200EDA6B0 /* Main.storyboard in Resources */ = {isa = PBXBuildFile; fileRef = 9AACA8E21C05A91200EDA6B0 /* Main.storyboard */; };
		9AACA8E61C05A91200EDA6B0 /* Assets.xcassets in Resources */ = {isa = PBXBuildFile; fileRef = 9AACA8E51C05A91200EDA6B0 /* Assets.xcassets */; };
		9AACA8E91C05A91300EDA6B0 /* LaunchScreen.storyboard in Resources */ = {isa = PBXBuildFile; fileRef = 9AACA8E71C05A91300EDA6B0 /* LaunchScreen.storyboard */; };
/* End PBXBuildFile section */

/* Begin PBXFileReference section */
		9AACA8DB1C05A91200EDA6B0 /* ColoresHexadecimal.app */ = {isa = PBXFileReference; explicitFileType = wrapper.application; includeInIndex = 0; path = ColoresHexadecimal.app; sourceTree = BUILT_PRODUCTS_DIR; };
		9AACA8DE1C05A91200EDA6B0 /* AppDelegate.swift */ = {isa = PBXFileReference; lastKnownFileType = sourcecode.swift; path = AppDelegate.swift; sourceTree = "<group>"; };
		9AACA8E01C05A91200EDA6B0 /* ViewController.swift */ = {isa = PBXFileReference; lastKnownFileType = sourcecode.swift; path = ViewController.swift; sourceTree = "<group>"; };
		9AACA8E31C05A91200EDA6B0 /* Base */ = {isa = PBXFileReference; lastKnownFileType = file.storyboard; name = Base; path = Base.lproj/Main.storyboard; sourceTree = "<group>"; };
		9AACA8E51C05A91200EDA6B0 /* Assets.xcassets */ = {isa = PBXFileReference; lastKnownFileType = folder.assetcatalog; path = Assets.xcassets; sourceTree = "<group>"; };
		9AACA8E81C05A91300EDA6B0 /* Base */ = {isa = PBXFileReference; lastKnownFileType = file.storyboard; name = Base; path = Base.lproj/LaunchScreen.storyboard; sourceTree = "<group>"; };
		9AACA8EA1C05A91300EDA6B0 /* Info.plist */ = {isa = PBXFileReference; lastKnownFileType = text.plist.xml; path = Info.plist; sourceTree = "<group>"; };
/* End PBXFileReference section */

/* Begin PBXFrameworksBuildPhase section */
		9AACA8D81C05A91200EDA6B0 /* Frameworks */ = {
			isa = PBXFrameworksBuildPhase;
			buildActionMask = 2147483647;
			files = (
			);
			runOnlyForDeploymentPostprocessing = 0;
		};
/* End PBXFrameworksBuildPhase section */

/* Begin PBXGroup section */
		9AACA8D21C05A91200EDA6B0 = {
			isa = PBXGroup;
			children = (
				9AACA8DD1C05A91200EDA6B0 /* ColoresHexadecimal */,
				9AACA8DC1C05A91200EDA6B0 /* Products */,
			);
			sourceTree = "<group>";
		};
		9AACA8DC1C05A91200EDA6B0 /* Products */ = {
			isa = PBXGroup;
			children = (
				9AACA8DB1C05A91200EDA6B0 /* ColoresHexadecimal.app */,
			);
			name = Products;
			sourceTree = "<group>";
		};
		9AACA8DD1C05A91200EDA6B0 /* ColoresHexadecimal */ = {
			isa = PBXGroup;
			children = (
				9AACA8DE1C05A91200EDA6B0 /* AppDelegate.swift */,
				9AACA8E01C05A91200EDA6B0 /* ViewController.swift */,
				9AACA8E21C05A91200EDA6B0 /* Main.storyboard */,
				9AACA8E51C05A91200EDA6B0 /* Assets.xcassets */,
				9AACA8E71C05A91300EDA6B0 /* LaunchScreen.storyboard */,
				9AACA8EA1C05A91300EDA6B0 /* Info.plist */,
			);
			path = ColoresHexadecimal;
			sourceTree = "<group>";
		};
/* End PBXGroup section */

/* Begin PBXNativeTarget section */
		9AACA8DA1C05A91200EDA6B0 /* ColoresHexadecimal */ = {
			isa = PBXNativeTarget;
			buildConfigurationList = 9AACA8ED1C05A91300EDA6B0 /* Build configuration list for PBXNativeTarget "ColoresHexadecimal" */;
			buildPhases = (
				9AACA8D71C05A91200EDA6B0 /* Sources */,
				9AACA8D81C05A91200EDA6B0 /* Frameworks */,
				9AACA8D91C05A91200EDA6B0 /* Resources */,
			);
			buildRules = (
			);
			dependencies = (
			);
			name = ColoresHexadecimal;
			productName = ColoresHexadecimal;
			productReference = 9AACA8DB1C05A91200EDA6B0 /* ColoresHexadecimal.app */;
			productType = "com.apple.product-type.application";
		};
/* End PBXNativeTarget section */

/* Begin PBXProject section */
		9AACA8D31C05A91200EDA6B0 /* Project object */ = {
			isa = PBXProject;
			attributes = {
				LastSwiftUpdateCheck = 0710;
				LastUpgradeCheck = 0710;
				ORGANIZATIONNAME = Berganza;
				TargetAttributes = {
					9AACA8DA1C05A91200EDA6B0 = {
						CreatedOnToolsVersion = 7.1.1;
					};
				};
			};
			buildConfigurationList = 9AACA8D61C05A91200EDA6B0 /* Build configuration list for PBXProject "ColoresHexadecimal" */;
			compatibilityVersion = "Xcode 3.2";
			developmentRegion = English;
			hasScannedForEncodings = 0;
			knownRegions = (
				en,
				Base,
			);
			mainGroup = 9AACA8D21C05A91200EDA6B0;
			productRefGroup = 9AACA8DC1C05A91200EDA6B0 /* Products */;
			projectDirPath = "";
			projectRoot = "";
			targets = (
				9AACA8DA1C05A91200EDA6B0 /* ColoresHexadecimal */,
			);
		};
/* End PBXProject section */

/* Begin PBXResourcesBuildPhase section */
		9AACA8D91C05A91200EDA6B0 /* Resources */ = {
			isa = PBXResourcesBuildPhase;
			buildActionMask = 2147483647;
			files = (
				9AACA8E91C05A91300EDA6B0 /* LaunchScreen.storyboard in Resources */,
				9AACA8E61C05A91200EDA6B0 /* Assets.xcassets in Resources */,
				9AACA8E41C05A91200EDA6B0 /* Main.storyboard in Resources */,
			);
			runOnlyForDeploymentPostprocessing = 0;
		};
/* End PBXResourcesBuildPhase section */

/* Begin PBXSourcesBuildPhase section */
		9AACA8D71C05A91200EDA6B0 /* Sources */ = {
			isa = PBXSourcesBuildPhase;
			buildActionMask = 2147483647;
			files = (
				9AACA8E11C05A91200EDA6B0 /* ViewController.swift in Sources */,
				9AACA8DF1C05A91200EDA6B0 /* AppDelegate.swift in Sources */,
			);
			runOnlyForDeploymentPostprocessing = 0;
		};
/* End PBXSourcesBuildPhase section */

/* Begin PBXVariantGroup section */
		9AACA8E21C05A91200EDA6B0 /* Main.storyboard */ = {
			isa = PBXVariantGroup;
			children = (
				9AACA8E31C05A91200EDA6B0 /* Base */,
			);
			name = Main.storyboard;
			sourceTree = "<group>";
		};
		9AACA8E71C05A91300EDA6B0 /* LaunchScreen.storyboard */ = {
			isa = PBXVariantGroup;
			children = (
				9AACA8E81C05A91300EDA6B0 /* Base */,
			);
			name = LaunchScreen.storyboard;
			sourceTree = "<group>";
		};
/* End PBXVariantGroup section */

/* Begin XCBuildConfiguration section */
		9AACA8EB1C05A91300EDA6B0 /* Debug */ = {
			isa = XCBuildConfiguration;
			buildSettings = {
				ALWAYS_SEARCH_USER_PATHS = NO;
				CLANG_CXX_LANGUAGE_STANDARD = "gnu++0x";
				CLANG_CXX_LIBRARY = "libc++";
				CLANG_ENABLE_MODULES = YES;
				CLANG_ENABLE_OBJC_ARC = YES;
				CLANG_WARN_BOOL_CONVERSION = YES;
				CLANG_WARN_CONSTANT_CONVERSION = YES;
				CLANG_WARN_DIRECT_OBJC_ISA_USAGE = YES_ERROR;
				CLANG_WARN_EMPTY_BODY = YES;
				CLANG_WARN_ENUM_CONVERSION = YES;
				CLANG_WARN_INT_CONVERSION = YES;
				CLANG_WARN_OBJC_ROOT_CLASS = YES_ERROR;
				CLANG_WARN_UNREACHABLE_CODE = YES;
				CLANG_WARN__DUPLICATE_METHOD_MATCH = YES;
				"CODE_SIGN_IDENTITY[sdk=iphoneos*]" = "iPhone Developer";
				COPY_PHASE_STRIP = NO;
				DEBUG_INFORMATION_FORMAT = dwarf;
				ENABLE_STRICT_OBJC_MSGSEND = YES;
				ENABLE_TESTABILITY = YES;
				GCC_C_LANGUAGE_STANDARD = gnu99;
				GCC_DYNAMIC_NO_PIC = NO;
				GCC_NO_COMMON_BLOCKS = YES;
				GCC_OPTIMIZATION_LEVEL = 0;
				GCC_PREPROCESSOR_DEFINITIONS = (
					"DEBUG=1",
					"$(inherited)",
				);
				GCC_WARN_64_TO_32_BIT_CONVERSION = YES;
				GCC_WARN_ABOUT_RETURN_TYPE = YES_ERROR;
				GCC_WARN_UNDECLARED_SELECTOR = YES;
				GCC_WARN_UNINITIALIZED_AUTOS = YES_AGGRESSIVE;
				GCC_WARN_UNUSED_FUNCTION = YES;
				GCC_WARN_UNUSED_VARIABLE = YES;
				IPHONEOS_DEPLOYMENT_TARGET = 9.1;
				MTL_ENABLE_DEBUG_INFO = YES;
				ONLY_ACTIVE_ARCH = YES;
				SDKROOT = iphoneos;
				SWIFT_OPTIMIZATION_LEVEL = "-Onone";
				TARGETED_DEVICE_FAMILY = "1,2";
			};
			name = Debug;
		};
		9AACA8EC1C05A91300EDA6B0 /* Release */ = {
			isa = XCBuildConfiguration;
			buildSettings = {
				ALWAYS_SEARCH_USER_PATHS = NO;
				CLANG_CXX_LANGUAGE_STANDARD = "gnu++0x";
				CLANG_CXX_LIBRARY = "libc++";
				CLANG_ENABLE_MODULES = YES;
				CLANG_ENABLE_OBJC_ARC = YES;
				CLANG_WARN_BOOL_CONVERSION = YES;
				CLANG_WARN_CONSTANT_CONVERSION = YES;
				CLANG_WARN_DIRECT_OBJC_ISA_USAGE = YES_ERROR;
				CLANG_WARN_EMPTY_BODY = YES;
				CLANG_WARN_ENUM_CONVERSION = YES;
				CLANG_WARN_INT_CONVERSION = YES;
				CLANG_WARN_OBJC_ROOT_CLASS = YES_ERROR;
				CLANG_WARN_UNREACHABLE_CODE = YES;
				CLANG_WARN__DUPLICATE_METHOD_MATCH = YES;
				"CODE_SIGN_IDENTITY[sdk=iphoneos*]" = "iPhone Developer";
				COPY_PHASE_STRIP = NO;
				DEBUG_INFORMATION_FORMAT = "dwarf-with-dsym";
				ENABLE_NS_ASSERTIONS = NO;
				ENABLE_STRICT_OBJC_MSGSEND = YES;
				GCC_C_LANGUAGE_STANDARD = gnu99;
				GCC_NO_COMMON_BLOCKS = YES;
				GCC_WARN_64_TO_32_BIT_CONVERSION = YES;
				GCC_WARN_ABOUT_RETURN_TYPE = YES_ERROR;
				GCC_WARN_UNDECLARED_SELECTOR = YES;
				GCC_WARN_UNINITIALIZED_AUTOS = YES_AGGRESSIVE;
				GCC_WARN_UNUSED_FUNCTION = YES;
				GCC_WARN_UNUSED_VARIABLE = YES;
				IPHONEOS_DEPLOYMENT_TARGET = 9.1;
				MTL_ENABLE_DEBUG_INFO = NO;
				SDKROOT = iphoneos;
				TARGETED_DEVICE_FAMILY = "1,2";
				VALIDATE_PRODUCT = YES;
			};
			name = Release;
		};
		9AACA8EE1C05A91300EDA6B0 /* Debug */ = {
			isa = XCBuildConfiguration;
			buildSettings = {
				ASSETCATALOG_COMPILER_APPICON_NAME = AppIcon;
				INFOPLIST_FILE = ColoresHexadecimal/Info.plist;
				LD_RUNPATH_SEARCH_PATHS = "$(inherited) @executable_path/Frameworks";
				PRODUCT_BUNDLE_IDENTIFIER = com.llberganza.ColoresHexadecimal;
				PRODUCT_NAME = "$(TARGET_NAME)";
			};
			name = Debug;
		};
		9AACA8EF1C05A91300EDA6B0 /* Release */ = {
			isa = XCBuildConfiguration;
			buildSettings = {
				ASSETCATALOG_COMPILER_APPICON_NAME = AppIcon;
				INFOPLIST_FILE = ColoresHexadecimal/Info.plist;
				LD_RUNPATH_SEARCH_PATHS = "$(inherited) @executable_path/Frameworks";
				PRODUCT_BUNDLE_IDENTIFIER = com.llberganza.ColoresHexadecimal;
				PRODUCT_NAME = "$(TARGET_NAME)";
			};
			name = Release;
		};
/* End XCBuildConfiguration section */

/* Begin XCConfigurationList section */
		9AACA8D61C05A91200EDA6B0 /* Build configuration list for PBXProject "ColoresHexadecimal" */ = {
			isa = XCConfigurationList;
			buildConfigurations = (
				9AACA8EB1C05A91300EDA6B0 /* Debug */,
				9AACA8EC1C05A91300EDA6B0 /* Release */,
			);
			defaultConfigurationIsVisible = 0;
			defaultConfigurationName = Release;
		};
		9AACA8ED1C05A91300EDA6B0 /* Build configuration list for PBXNativeTarget "ColoresHexadecimal" */ = {
			isa = XCConfigurationList;
			buildConfigurations = (
				9AACA8EE1C05A91300EDA6B0 /* Debug */,
				9AACA8EF1C05A91300EDA6B0 /* Release */,
			);
			defaultConfigurationIsVisible = 0;
		};
/* End XCConfigurationList section */
	};
	rootObject = 9AACA8D31C05A91200EDA6B0 /* Project object */;
}
